// !$*UTF8*$!
{
	archiveVersion = 1;
	classes = {
	};
	objectVersion = 51;
	objects = {

/* Begin PBXBuildFile section */
		BFA183A10C33E36A0A798CCD /* Pods_Agreements.framework in Frameworks */ = {isa = PBXBuildFile; fileRef = AA164AB5C8A80B443E0648BE /* Pods_Agreements.framework */; };
		D201102F22E3747200BDF3D3 /* AppDelegate.swift in Sources */ = {isa = PBXBuildFile; fileRef = D201102E22E3747200BDF3D3 /* AppDelegate.swift */; };
		D201103122E3747200BDF3D3 /* StartViewController.swift in Sources */ = {isa = PBXBuildFile; fileRef = D201103022E3747200BDF3D3 /* StartViewController.swift */; };
		D201103422E3747200BDF3D3 /* Main.storyboard in Resources */ = {isa = PBXBuildFile; fileRef = D201103222E3747200BDF3D3 /* Main.storyboard */; };
		D201103622E3747500BDF3D3 /* Assets.xcassets in Resources */ = {isa = PBXBuildFile; fileRef = D201103522E3747500BDF3D3 /* Assets.xcassets */; };
		D201103922E3747500BDF3D3 /* LaunchScreen.storyboard in Resources */ = {isa = PBXBuildFile; fileRef = D201103722E3747500BDF3D3 /* LaunchScreen.storyboard */; };
		D2423F8022E3900D009D0753 /* GoogleService-Info.plist in Resources */ = {isa = PBXBuildFile; fileRef = D2423F7F22E3900D009D0753 /* GoogleService-Info.plist */; };
		D2423F8422E3A0B8009D0753 /* ImageButton.swift in Sources */ = {isa = PBXBuildFile; fileRef = D2423F8322E3A0B8009D0753 /* ImageButton.swift */; };
		D2423F8722E3ABF5009D0753 /* UIColor+Main.swift in Sources */ = {isa = PBXBuildFile; fileRef = D2423F8622E3ABF5009D0753 /* UIColor+Main.swift */; };
		D2423F8922E3AF8E009D0753 /* UIColor+Methods.swift in Sources */ = {isa = PBXBuildFile; fileRef = D2423F8822E3AF8E009D0753 /* UIColor+Methods.swift */; };
		D2423F9022E3B226009D0753 /* MainRouter.swift in Sources */ = {isa = PBXBuildFile; fileRef = D2423F8F22E3B226009D0753 /* MainRouter.swift */; };
		D276550A22E3B61500CECC0C /* ModuleTransitionable.swift in Sources */ = {isa = PBXBuildFile; fileRef = D276550922E3B61500CECC0C /* ModuleTransitionable.swift */; };
		D276550D22E3BC1100CECC0C /* String+Main.swift in Sources */ = {isa = PBXBuildFile; fileRef = D276550C22E3BC1100CECC0C /* String+Main.swift */; };
		D276551022E3C16900CECC0C /* Searching.storyboard in Resources */ = {isa = PBXBuildFile; fileRef = D276551222E3C16900CECC0C /* Searching.storyboard */; };
		D276551622E3C22F00CECC0C /* SearchingViewController.swift in Sources */ = {isa = PBXBuildFile; fileRef = D276551522E3C22F00CECC0C /* SearchingViewController.swift */; };
		D276551922E3DC4500CECC0C /* UIStoryboard.swift in Sources */ = {isa = PBXBuildFile; fileRef = D276551822E3DC4500CECC0C /* UIStoryboard.swift */; };
		D276551B22E3E2E200CECC0C /* UIViewController+Storyboard.swift in Sources */ = {isa = PBXBuildFile; fileRef = D276551A22E3E2E200CECC0C /* UIViewController+Storyboard.swift */; };
		D276551E22E4112A00CECC0C /* AgreementTableViewCell.swift in Sources */ = {isa = PBXBuildFile; fileRef = D276551D22E4112A00CECC0C /* AgreementTableViewCell.swift */; };
		D276552022E411FE00CECC0C /* ColoredIndicator.swift in Sources */ = {isa = PBXBuildFile; fileRef = D276551F22E411FE00CECC0C /* ColoredIndicator.swift */; };
		D276552222E4312000CECC0C /* SearchDetailViewController.swift in Sources */ = {isa = PBXBuildFile; fileRef = D276552122E4312000CECC0C /* SearchDetailViewController.swift */; };
		D276552422E431AB00CECC0C /* TextViewCell.swift in Sources */ = {isa = PBXBuildFile; fileRef = D276552322E431AB00CECC0C /* TextViewCell.swift */; };
		D276552622E4377B00CECC0C /* Agreement.swift in Sources */ = {isa = PBXBuildFile; fileRef = D276552522E4377B00CECC0C /* Agreement.swift */; };
		D276552822E4453500CECC0C /* AgreementsDataSource.swift in Sources */ = {isa = PBXBuildFile; fileRef = D276552722E4453500CECC0C /* AgreementsDataSource.swift */; };
		D276552A22E4474300CECC0C /* User.swift in Sources */ = {isa = PBXBuildFile; fileRef = D276552922E4474300CECC0C /* User.swift */; };
		D276552C22E4477900CECC0C /* UsersDataSource.swift in Sources */ = {isa = PBXBuildFile; fileRef = D276552B22E4477900CECC0C /* UsersDataSource.swift */; };
		D276552E22E44ADB00CECC0C /* UserDetailViewController.swift in Sources */ = {isa = PBXBuildFile; fileRef = D276552D22E44ADB00CECC0C /* UserDetailViewController.swift */; };
		D296AB7222E47621009FA665 /* NavigationTitleView.swift in Sources */ = {isa = PBXBuildFile; fileRef = D296AB7122E47621009FA665 /* NavigationTitleView.swift */; };
		D296AB7422E4852D009FA665 /* StatusTableViewCell.swift in Sources */ = {isa = PBXBuildFile; fileRef = D296AB7322E4852D009FA665 /* StatusTableViewCell.swift */; };
/* End PBXBuildFile section */

/* Begin PBXFileReference section */
		151552BD18FB93980B3C19B5 /* Pods-Agreements.debug.xcconfig */ = {isa = PBXFileReference; includeInIndex = 1; lastKnownFileType = text.xcconfig; name = "Pods-Agreements.debug.xcconfig"; path = "Target Support Files/Pods-Agreements/Pods-Agreements.debug.xcconfig"; sourceTree = "<group>"; };
		AA164AB5C8A80B443E0648BE /* Pods_Agreements.framework */ = {isa = PBXFileReference; explicitFileType = wrapper.framework; includeInIndex = 0; path = Pods_Agreements.framework; sourceTree = BUILT_PRODUCTS_DIR; };
		C52EDB4D201E17D06EDA75E5 /* Pods-Agreements.release.xcconfig */ = {isa = PBXFileReference; includeInIndex = 1; lastKnownFileType = text.xcconfig; name = "Pods-Agreements.release.xcconfig"; path = "Target Support Files/Pods-Agreements/Pods-Agreements.release.xcconfig"; sourceTree = "<group>"; };
		D201102B22E3747200BDF3D3 /* Agreements.app */ = {isa = PBXFileReference; explicitFileType = wrapper.application; includeInIndex = 0; path = Agreements.app; sourceTree = BUILT_PRODUCTS_DIR; };
		D201102E22E3747200BDF3D3 /* AppDelegate.swift */ = {isa = PBXFileReference; lastKnownFileType = sourcecode.swift; path = AppDelegate.swift; sourceTree = "<group>"; };
		D201103022E3747200BDF3D3 /* StartViewController.swift */ = {isa = PBXFileReference; lastKnownFileType = sourcecode.swift; path = StartViewController.swift; sourceTree = "<group>"; };
		D201103322E3747200BDF3D3 /* Base */ = {isa = PBXFileReference; lastKnownFileType = file.storyboard; name = Base; path = Base.lproj/Main.storyboard; sourceTree = "<group>"; };
		D201103522E3747500BDF3D3 /* Assets.xcassets */ = {isa = PBXFileReference; lastKnownFileType = folder.assetcatalog; path = Assets.xcassets; sourceTree = "<group>"; };
		D201103822E3747500BDF3D3 /* Base */ = {isa = PBXFileReference; lastKnownFileType = file.storyboard; name = Base; path = Base.lproj/LaunchScreen.storyboard; sourceTree = "<group>"; };
		D201103A22E3747500BDF3D3 /* Info.plist */ = {isa = PBXFileReference; lastKnownFileType = text.plist.xml; path = Info.plist; sourceTree = "<group>"; };
		D201104022E3749D00BDF3D3 /* ru */ = {isa = PBXFileReference; lastKnownFileType = text.plist.strings; name = ru; path = ru.lproj/Main.strings; sourceTree = "<group>"; };
		D201104122E3749D00BDF3D3 /* ru */ = {isa = PBXFileReference; lastKnownFileType = text.plist.strings; name = ru; path = ru.lproj/LaunchScreen.strings; sourceTree = "<group>"; };
		D2423F7F22E3900D009D0753 /* GoogleService-Info.plist */ = {isa = PBXFileReference; fileEncoding = 4; lastKnownFileType = text.plist.xml; path = "GoogleService-Info.plist"; sourceTree = "<group>"; };
		D2423F8322E3A0B8009D0753 /* ImageButton.swift */ = {isa = PBXFileReference; lastKnownFileType = sourcecode.swift; path = ImageButton.swift; sourceTree = "<group>"; };
		D2423F8622E3ABF5009D0753 /* UIColor+Main.swift */ = {isa = PBXFileReference; lastKnownFileType = sourcecode.swift; path = "UIColor+Main.swift"; sourceTree = "<group>"; };
		D2423F8822E3AF8E009D0753 /* UIColor+Methods.swift */ = {isa = PBXFileReference; lastKnownFileType = sourcecode.swift; path = "UIColor+Methods.swift"; sourceTree = "<group>"; };
		D2423F8F22E3B226009D0753 /* MainRouter.swift */ = {isa = PBXFileReference; lastKnownFileType = sourcecode.swift; path = MainRouter.swift; sourceTree = "<group>"; };
		D276550922E3B61500CECC0C /* ModuleTransitionable.swift */ = {isa = PBXFileReference; lastKnownFileType = sourcecode.swift; path = ModuleTransitionable.swift; sourceTree = "<group>"; };
		D276550C22E3BC1100CECC0C /* String+Main.swift */ = {isa = PBXFileReference; lastKnownFileType = sourcecode.swift; path = "String+Main.swift"; sourceTree = "<group>"; };
		D276551122E3C16900CECC0C /* Base */ = {isa = PBXFileReference; lastKnownFileType = file.storyboard; name = Base; path = Base.lproj/Searching.storyboard; sourceTree = "<group>"; };
		D276551422E3C17000CECC0C /* ru */ = {isa = PBXFileReference; lastKnownFileType = text.plist.strings; name = ru; path = ru.lproj/Searching.strings; sourceTree = "<group>"; };
		D276551522E3C22F00CECC0C /* SearchingViewController.swift */ = {isa = PBXFileReference; lastKnownFileType = sourcecode.swift; path = SearchingViewController.swift; sourceTree = "<group>"; };
		D276551822E3DC4500CECC0C /* UIStoryboard.swift */ = {isa = PBXFileReference; lastKnownFileType = sourcecode.swift; path = UIStoryboard.swift; sourceTree = "<group>"; };
		D276551A22E3E2E200CECC0C /* UIViewController+Storyboard.swift */ = {isa = PBXFileReference; lastKnownFileType = sourcecode.swift; path = "UIViewController+Storyboard.swift"; sourceTree = "<group>"; };
		D276551D22E4112A00CECC0C /* AgreementTableViewCell.swift */ = {isa = PBXFileReference; lastKnownFileType = sourcecode.swift; path = AgreementTableViewCell.swift; sourceTree = "<group>"; };
		D276551F22E411FE00CECC0C /* ColoredIndicator.swift */ = {isa = PBXFileReference; lastKnownFileType = sourcecode.swift; path = ColoredIndicator.swift; sourceTree = "<group>"; };
		D276552122E4312000CECC0C /* SearchDetailViewController.swift */ = {isa = PBXFileReference; lastKnownFileType = sourcecode.swift; path = SearchDetailViewController.swift; sourceTree = "<group>"; };
		D276552322E431AB00CECC0C /* TextViewCell.swift */ = {isa = PBXFileReference; lastKnownFileType = sourcecode.swift; path = TextViewCell.swift; sourceTree = "<group>"; };
		D276552522E4377B00CECC0C /* Agreement.swift */ = {isa = PBXFileReference; lastKnownFileType = sourcecode.swift; path = Agreement.swift; sourceTree = "<group>"; };
		D276552722E4453500CECC0C /* AgreementsDataSource.swift */ = {isa = PBXFileReference; lastKnownFileType = sourcecode.swift; path = AgreementsDataSource.swift; sourceTree = "<group>"; };
		D276552922E4474300CECC0C /* User.swift */ = {isa = PBXFileReference; lastKnownFileType = sourcecode.swift; path = User.swift; sourceTree = "<group>"; };
		D276552B22E4477900CECC0C /* UsersDataSource.swift */ = {isa = PBXFileReference; lastKnownFileType = sourcecode.swift; path = UsersDataSource.swift; sourceTree = "<group>"; };
		D276552D22E44ADB00CECC0C /* UserDetailViewController.swift */ = {isa = PBXFileReference; lastKnownFileType = sourcecode.swift; path = UserDetailViewController.swift; sourceTree = "<group>"; };
		D296AB7122E47621009FA665 /* NavigationTitleView.swift */ = {isa = PBXFileReference; lastKnownFileType = sourcecode.swift; path = NavigationTitleView.swift; sourceTree = "<group>"; };
		D296AB7322E4852D009FA665 /* StatusTableViewCell.swift */ = {isa = PBXFileReference; lastKnownFileType = sourcecode.swift; path = StatusTableViewCell.swift; sourceTree = "<group>"; };
/* End PBXFileReference section */

/* Begin PBXFrameworksBuildPhase section */
		D201102822E3747200BDF3D3 /* Frameworks */ = {
			isa = PBXFrameworksBuildPhase;
			buildActionMask = 2147483647;
			files = (
				BFA183A10C33E36A0A798CCD /* Pods_Agreements.framework in Frameworks */,
			);
			runOnlyForDeploymentPostprocessing = 0;
		};
/* End PBXFrameworksBuildPhase section */

/* Begin PBXGroup section */
		1CE5F7EB07DAADEF02A460BF /* Pods */ = {
			isa = PBXGroup;
			children = (
				151552BD18FB93980B3C19B5 /* Pods-Agreements.debug.xcconfig */,
				C52EDB4D201E17D06EDA75E5 /* Pods-Agreements.release.xcconfig */,
			);
			path = Pods;
			sourceTree = "<group>";
		};
		BA0DC3A9811E00C380BD5680 /* Frameworks */ = {
			isa = PBXGroup;
			children = (
				AA164AB5C8A80B443E0648BE /* Pods_Agreements.framework */,
			);
			name = Frameworks;
			sourceTree = "<group>";
		};
		D201102222E3747200BDF3D3 = {
			isa = PBXGroup;
			children = (
				D201102D22E3747200BDF3D3 /* Agreements */,
				D201102C22E3747200BDF3D3 /* Products */,
				1CE5F7EB07DAADEF02A460BF /* Pods */,
				BA0DC3A9811E00C380BD5680 /* Frameworks */,
			);
			sourceTree = "<group>";
		};
		D201102C22E3747200BDF3D3 /* Products */ = {
			isa = PBXGroup;
			children = (
				D201102B22E3747200BDF3D3 /* Agreements.app */,
			);
			name = Products;
			sourceTree = "<group>";
		};
		D201102D22E3747200BDF3D3 /* Agreements */ = {
			isa = PBXGroup;
			children = (
				D2423F8A22E3B1B0009D0753 /* Flow */,
				D276550B22E3BC0100CECC0C /* Localization */,
				D2423F8122E3A065009D0753 /* Reused */,
				D2423F7F22E3900D009D0753 /* GoogleService-Info.plist */,
				D201104222E3760000BDF3D3 /* Resources */,
				D201102E22E3747200BDF3D3 /* AppDelegate.swift */,
				D201103222E3747200BDF3D3 /* Main.storyboard */,
				D276551222E3C16900CECC0C /* Searching.storyboard */,
				D201103722E3747500BDF3D3 /* LaunchScreen.storyboard */,
			);
			path = Agreements;
			sourceTree = "<group>";
		};
		D201104222E3760000BDF3D3 /* Resources */ = {
			isa = PBXGroup;
			children = (
				D201103522E3747500BDF3D3 /* Assets.xcassets */,
				D201103A22E3747500BDF3D3 /* Info.plist */,
			);
			path = Resources;
			sourceTree = "<group>";
		};
		D2423F8122E3A065009D0753 /* Reused */ = {
			isa = PBXGroup;
			children = (
				D276550822E3B5F500CECC0C /* Class */,
				D2423F8522E3ABCE009D0753 /* Extension */,
				D2423F8222E3A08E009D0753 /* View */,
			);
			path = Reused;
			sourceTree = "<group>";
		};
		D2423F8222E3A08E009D0753 /* View */ = {
			isa = PBXGroup;
			children = (
				D2423F8322E3A0B8009D0753 /* ImageButton.swift */,
				D276551F22E411FE00CECC0C /* ColoredIndicator.swift */,
			);
			path = View;
			sourceTree = "<group>";
		};
		D2423F8522E3ABCE009D0753 /* Extension */ = {
			isa = PBXGroup;
			children = (
				D2423F8622E3ABF5009D0753 /* UIColor+Main.swift */,
				D2423F8822E3AF8E009D0753 /* UIColor+Methods.swift */,
				D276551822E3DC4500CECC0C /* UIStoryboard.swift */,
				D276551A22E3E2E200CECC0C /* UIViewController+Storyboard.swift */,
			);
			path = Extension;
			sourceTree = "<group>";
		};
		D2423F8A22E3B1B0009D0753 /* Flow */ = {
			isa = PBXGroup;
			children = (
				D2423F8B22E3B1D4009D0753 /* Start */,
				D2423F8D22E3B1E2009D0753 /* LogIn */,
				D2423F8E22E3B1EC009D0753 /* Searching */,
			);
			path = Flow;
			sourceTree = "<group>";
		};
		D2423F8B22E3B1D4009D0753 /* Start */ = {
			isa = PBXGroup;
			children = (
				D2423F8F22E3B226009D0753 /* MainRouter.swift */,
				D201103022E3747200BDF3D3 /* StartViewController.swift */,
			);
			path = Start;
			sourceTree = "<group>";
		};
		D2423F8D22E3B1E2009D0753 /* LogIn */ = {
			isa = PBXGroup;
			children = (
			);
			path = LogIn;
			sourceTree = "<group>";
		};
		D2423F8E22E3B1EC009D0753 /* Searching */ = {
			isa = PBXGroup;
			children = (
				D276551C22E4110700CECC0C /* View */,
				D276551722E3C5D700CECC0C /* DataSource */,
				D276551522E3C22F00CECC0C /* SearchingViewController.swift */,
				D276552D22E44ADB00CECC0C /* UserDetailViewController.swift */,
				D276552122E4312000CECC0C /* SearchDetailViewController.swift */,
			);
			path = Searching;
			sourceTree = "<group>";
		};
		D276550822E3B5F500CECC0C /* Class */ = {
			isa = PBXGroup;
			children = (
				D276550922E3B61500CECC0C /* ModuleTransitionable.swift */,
			);
			path = Class;
			sourceTree = "<group>";
		};
		D276550B22E3BC0100CECC0C /* Localization */ = {
			isa = PBXGroup;
			children = (
				D276550C22E3BC1100CECC0C /* String+Main.swift */,
			);
			path = Localization;
			sourceTree = "<group>";
		};
		D276551722E3C5D700CECC0C /* DataSource */ = {
			isa = PBXGroup;
			children = (
				D276552522E4377B00CECC0C /* Agreement.swift */,
				D276552722E4453500CECC0C /* AgreementsDataSource.swift */,
				D276552922E4474300CECC0C /* User.swift */,
				D276552B22E4477900CECC0C /* UsersDataSource.swift */,
			);
			path = DataSource;
			sourceTree = "<group>";
		};
		D276551C22E4110700CECC0C /* View */ = {
			isa = PBXGroup;
			children = (
				D276551D22E4112A00CECC0C /* AgreementTableViewCell.swift */,
				D276552322E431AB00CECC0C /* TextViewCell.swift */,
				D296AB7122E47621009FA665 /* NavigationTitleView.swift */,
				D296AB7322E4852D009FA665 /* StatusTableViewCell.swift */,
			);
			path = View;
			sourceTree = "<group>";
		};
/* End PBXGroup section */

/* Begin PBXNativeTarget section */
		D201102A22E3747200BDF3D3 /* Agreements */ = {
			isa = PBXNativeTarget;
			buildConfigurationList = D201103D22E3747500BDF3D3 /* Build configuration list for PBXNativeTarget "Agreements" */;
			buildPhases = (
				12FC069357B701F667A53983 /* [CP] Check Pods Manifest.lock */,
				D201102722E3747200BDF3D3 /* Sources */,
				D201102822E3747200BDF3D3 /* Frameworks */,
				D201102922E3747200BDF3D3 /* Resources */,
				9B879C6F38A21D17EF3E27D4 /* [CP] Embed Pods Frameworks */,
			);
			buildRules = (
			);
			dependencies = (
			);
			name = Agreements;
			productName = Agreements;
			productReference = D201102B22E3747200BDF3D3 /* Agreements.app */;
			productType = "com.apple.product-type.application";
		};
/* End PBXNativeTarget section */

/* Begin PBXProject section */
		D201102322E3747200BDF3D3 /* Project object */ = {
			isa = PBXProject;
			attributes = {
				LastSwiftUpdateCheck = 1020;
				LastUpgradeCheck = 1020;
				ORGANIZATIONNAME = "Rochev Studio";
				TargetAttributes = {
					D201102A22E3747200BDF3D3 = {
						CreatedOnToolsVersion = 10.2.1;
					};
				};
			};
			buildConfigurationList = D201102622E3747200BDF3D3 /* Build configuration list for PBXProject "Agreements" */;
			compatibilityVersion = "Xcode 9.3";
			developmentRegion = en;
			hasScannedForEncodings = 0;
			knownRegions = (
				en,
				Base,
				ru,
			);
			mainGroup = D201102222E3747200BDF3D3;
			productRefGroup = D201102C22E3747200BDF3D3 /* Products */;
			projectDirPath = "";
			projectRoot = "";
			targets = (
				D201102A22E3747200BDF3D3 /* Agreements */,
			);
		};
/* End PBXProject section */

/* Begin PBXResourcesBuildPhase section */
		D201102922E3747200BDF3D3 /* Resources */ = {
			isa = PBXResourcesBuildPhase;
			buildActionMask = 2147483647;
			files = (
				D201103922E3747500BDF3D3 /* LaunchScreen.storyboard in Resources */,
				D2423F8022E3900D009D0753 /* GoogleService-Info.plist in Resources */,
				D276551022E3C16900CECC0C /* Searching.storyboard in Resources */,
				D201103622E3747500BDF3D3 /* Assets.xcassets in Resources */,
				D201103422E3747200BDF3D3 /* Main.storyboard in Resources */,
			);
			runOnlyForDeploymentPostprocessing = 0;
		};
/* End PBXResourcesBuildPhase section */

/* Begin PBXShellScriptBuildPhase section */
		12FC069357B701F667A53983 /* [CP] Check Pods Manifest.lock */ = {
			isa = PBXShellScriptBuildPhase;
			buildActionMask = 2147483647;
			files = (
			);
			inputFileListPaths = (
			);
			inputPaths = (
				"${PODS_PODFILE_DIR_PATH}/Podfile.lock",
				"${PODS_ROOT}/Manifest.lock",
			);
			name = "[CP] Check Pods Manifest.lock";
			outputFileListPaths = (
			);
			outputPaths = (
				"$(DERIVED_FILE_DIR)/Pods-Agreements-checkManifestLockResult.txt",
			);
			runOnlyForDeploymentPostprocessing = 0;
			shellPath = /bin/sh;
			shellScript = "diff \"${PODS_PODFILE_DIR_PATH}/Podfile.lock\" \"${PODS_ROOT}/Manifest.lock\" > /dev/null\nif [ $? != 0 ] ; then\n    # print error to STDERR\n    echo \"error: The sandbox is not in sync with the Podfile.lock. Run 'pod install' or update your CocoaPods installation.\" >&2\n    exit 1\nfi\n# This output is used by Xcode 'outputs' to avoid re-running this script phase.\necho \"SUCCESS\" > \"${SCRIPT_OUTPUT_FILE_0}\"\n";
			showEnvVarsInLog = 0;
		};
		9B879C6F38A21D17EF3E27D4 /* [CP] Embed Pods Frameworks */ = {
			isa = PBXShellScriptBuildPhase;
			buildActionMask = 2147483647;
			files = (
			);
			inputFileListPaths = (
				"${PODS_ROOT}/Target Support Files/Pods-Agreements/Pods-Agreements-frameworks-${CONFIGURATION}-input-files.xcfilelist",
			);
			name = "[CP] Embed Pods Frameworks";
			outputFileListPaths = (
				"${PODS_ROOT}/Target Support Files/Pods-Agreements/Pods-Agreements-frameworks-${CONFIGURATION}-output-files.xcfilelist",
			);
			runOnlyForDeploymentPostprocessing = 0;
			shellPath = /bin/sh;
			shellScript = "\"${PODS_ROOT}/Target Support Files/Pods-Agreements/Pods-Agreements-frameworks.sh\"\n";
			showEnvVarsInLog = 0;
		};
/* End PBXShellScriptBuildPhase section */

/* Begin PBXSourcesBuildPhase section */
		D201102722E3747200BDF3D3 /* Sources */ = {
			isa = PBXSourcesBuildPhase;
			buildActionMask = 2147483647;
			files = (
				D276552222E4312000CECC0C /* SearchDetailViewController.swift in Sources */,
				D201103122E3747200BDF3D3 /* StartViewController.swift in Sources */,
				D276552622E4377B00CECC0C /* Agreement.swift in Sources */,
				D276552822E4453500CECC0C /* AgreementsDataSource.swift in Sources */,
				D2423F8422E3A0B8009D0753 /* ImageButton.swift in Sources */,
				D276551E22E4112A00CECC0C /* AgreementTableViewCell.swift in Sources */,
				D276552E22E44ADB00CECC0C /* UserDetailViewController.swift in Sources */,
				D2423F8722E3ABF5009D0753 /* UIColor+Main.swift in Sources */,
				D276551622E3C22F00CECC0C /* SearchingViewController.swift in Sources */,
				D276550D22E3BC1100CECC0C /* String+Main.swift in Sources */,
				D276551B22E3E2E200CECC0C /* UIViewController+Storyboard.swift in Sources */,
				D201102F22E3747200BDF3D3 /* AppDelegate.swift in Sources */,
				D296AB7222E47621009FA665 /* NavigationTitleView.swift in Sources */,
				D276551922E3DC4500CECC0C /* UIStoryboard.swift in Sources */,
				D2423F8922E3AF8E009D0753 /* UIColor+Methods.swift in Sources */,
				D276550A22E3B61500CECC0C /* ModuleTransitionable.swift in Sources */,
				D276552A22E4474300CECC0C /* User.swift in Sources */,
				D276552422E431AB00CECC0C /* TextViewCell.swift in Sources */,
				D276552022E411FE00CECC0C /* ColoredIndicator.swift in Sources */,
				D2423F9022E3B226009D0753 /* MainRouter.swift in Sources */,
				D276552C22E4477900CECC0C /* UsersDataSource.swift in Sources */,
				D296AB7422E4852D009FA665 /* StatusTableViewCell.swift in Sources */,
			);
			runOnlyForDeploymentPostprocessing = 0;
		};
/* End PBXSourcesBuildPhase section */

/* Begin PBXVariantGroup section */
		D201103222E3747200BDF3D3 /* Main.storyboard */ = {
			isa = PBXVariantGroup;
			children = (
				D201103322E3747200BDF3D3 /* Base */,
				D201104022E3749D00BDF3D3 /* ru */,
			);
			name = Main.storyboard;
			sourceTree = "<group>";
		};
		D201103722E3747500BDF3D3 /* LaunchScreen.storyboard */ = {
			isa = PBXVariantGroup;
			children = (
				D201103822E3747500BDF3D3 /* Base */,
				D201104122E3749D00BDF3D3 /* ru */,
			);
			name = LaunchScreen.storyboard;
			sourceTree = "<group>";
		};
		D276551222E3C16900CECC0C /* Searching.storyboard */ = {
			isa = PBXVariantGroup;
			children = (
				D276551122E3C16900CECC0C /* Base */,
				D276551422E3C17000CECC0C /* ru */,
			);
			name = Searching.storyboard;
			sourceTree = "<group>";
		};
/* End PBXVariantGroup section */

/* Begin XCBuildConfiguration section */
		D201103B22E3747500BDF3D3 /* Debug */ = {
			isa = XCBuildConfiguration;
			buildSettings = {
				ALWAYS_SEARCH_USER_PATHS = NO;
				CLANG_ANALYZER_LOCALIZABILITY_NONLOCALIZED = YES;
				CLANG_ANALYZER_NONNULL = YES;
				CLANG_ANALYZER_NUMBER_OBJECT_CONVERSION = YES_AGGRESSIVE;
				CLANG_CXX_LANGUAGE_STANDARD = "gnu++14";
				CLANG_CXX_LIBRARY = "libc++";
				CLANG_ENABLE_MODULES = YES;
				CLANG_ENABLE_OBJC_ARC = YES;
				CLANG_ENABLE_OBJC_WEAK = YES;
				CLANG_WARN_BLOCK_CAPTURE_AUTORELEASING = YES;
				CLANG_WARN_BOOL_CONVERSION = YES;
				CLANG_WARN_COMMA = YES;
				CLANG_WARN_CONSTANT_CONVERSION = YES;
				CLANG_WARN_DEPRECATED_OBJC_IMPLEMENTATIONS = YES;
				CLANG_WARN_DIRECT_OBJC_ISA_USAGE = YES_ERROR;
				CLANG_WARN_DOCUMENTATION_COMMENTS = YES;
				CLANG_WARN_EMPTY_BODY = YES;
				CLANG_WARN_ENUM_CONVERSION = YES;
				CLANG_WARN_INFINITE_RECURSION = YES;
				CLANG_WARN_INT_CONVERSION = YES;
				CLANG_WARN_NON_LITERAL_NULL_CONVERSION = YES;
				CLANG_WARN_OBJC_IMPLICIT_RETAIN_SELF = YES;
				CLANG_WARN_OBJC_LITERAL_CONVERSION = YES;
				CLANG_WARN_OBJC_ROOT_CLASS = YES_ERROR;
				CLANG_WARN_RANGE_LOOP_ANALYSIS = YES;
				CLANG_WARN_STRICT_PROTOTYPES = YES;
				CLANG_WARN_SUSPICIOUS_MOVE = YES;
				CLANG_WARN_UNGUARDED_AVAILABILITY = YES_AGGRESSIVE;
				CLANG_WARN_UNREACHABLE_CODE = YES;
				CLANG_WARN__DUPLICATE_METHOD_MATCH = YES;
				CODE_SIGN_IDENTITY = "iPhone Developer";
				COPY_PHASE_STRIP = NO;
				DEBUG_INFORMATION_FORMAT = dwarf;
				ENABLE_STRICT_OBJC_MSGSEND = YES;
				ENABLE_TESTABILITY = YES;
				GCC_C_LANGUAGE_STANDARD = gnu11;
				GCC_DYNAMIC_NO_PIC = NO;
				GCC_NO_COMMON_BLOCKS = YES;
				GCC_OPTIMIZATION_LEVEL = 0;
				GCC_PREPROCESSOR_DEFINITIONS = (
					"DEBUG=1",
					"$(inherited)",
				);
				GCC_WARN_64_TO_32_BIT_CONVERSION = YES;
				GCC_WARN_ABOUT_RETURN_TYPE = YES_ERROR;
				GCC_WARN_UNDECLARED_SELECTOR = YES;
				GCC_WARN_UNINITIALIZED_AUTOS = YES_AGGRESSIVE;
				GCC_WARN_UNUSED_FUNCTION = YES;
				GCC_WARN_UNUSED_VARIABLE = YES;
				IPHONEOS_DEPLOYMENT_TARGET = 12.2;
				MTL_ENABLE_DEBUG_INFO = INCLUDE_SOURCE;
				MTL_FAST_MATH = YES;
				ONLY_ACTIVE_ARCH = YES;
				SDKROOT = iphoneos;
				SWIFT_ACTIVE_COMPILATION_CONDITIONS = DEBUG;
				SWIFT_OPTIMIZATION_LEVEL = "-Onone";
			};
			name = Debug;
		};
		D201103C22E3747500BDF3D3 /* Release */ = {
			isa = XCBuildConfiguration;
			buildSettings = {
				ALWAYS_SEARCH_USER_PATHS = NO;
				CLANG_ANALYZER_LOCALIZABILITY_NONLOCALIZED = YES;
				CLANG_ANALYZER_NONNULL = YES;
				CLANG_ANALYZER_NUMBER_OBJECT_CONVERSION = YES_AGGRESSIVE;
				CLANG_CXX_LANGUAGE_STANDARD = "gnu++14";
				CLANG_CXX_LIBRARY = "libc++";
				CLANG_ENABLE_MODULES = YES;
				CLANG_ENABLE_OBJC_ARC = YES;
				CLANG_ENABLE_OBJC_WEAK = YES;
				CLANG_WARN_BLOCK_CAPTURE_AUTORELEASING = YES;
				CLANG_WARN_BOOL_CONVERSION = YES;
				CLANG_WARN_COMMA = YES;
				CLANG_WARN_CONSTANT_CONVERSION = YES;
				CLANG_WARN_DEPRECATED_OBJC_IMPLEMENTATIONS = YES;
				CLANG_WARN_DIRECT_OBJC_ISA_USAGE = YES_ERROR;
				CLANG_WARN_DOCUMENTATION_COMMENTS = YES;
				CLANG_WARN_EMPTY_BODY = YES;
				CLANG_WARN_ENUM_CONVERSION = YES;
				CLANG_WARN_INFINITE_RECURSION = YES;
				CLANG_WARN_INT_CONVERSION = YES;
				CLANG_WARN_NON_LITERAL_NULL_CONVERSION = YES;
				CLANG_WARN_OBJC_IMPLICIT_RETAIN_SELF = YES;
				CLANG_WARN_OBJC_LITERAL_CONVERSION = YES;
				CLANG_WARN_OBJC_ROOT_CLASS = YES_ERROR;
				CLANG_WARN_RANGE_LOOP_ANALYSIS = YES;
				CLANG_WARN_STRICT_PROTOTYPES = YES;
				CLANG_WARN_SUSPICIOUS_MOVE = YES;
				CLANG_WARN_UNGUARDED_AVAILABILITY = YES_AGGRESSIVE;
				CLANG_WARN_UNREACHABLE_CODE = YES;
				CLANG_WARN__DUPLICATE_METHOD_MATCH = YES;
				CODE_SIGN_IDENTITY = "iPhone Developer";
				COPY_PHASE_STRIP = NO;
				DEBUG_INFORMATION_FORMAT = "dwarf-with-dsym";
				ENABLE_NS_ASSERTIONS = NO;
				ENABLE_STRICT_OBJC_MSGSEND = YES;
				GCC_C_LANGUAGE_STANDARD = gnu11;
				GCC_NO_COMMON_BLOCKS = YES;
				GCC_WARN_64_TO_32_BIT_CONVERSION = YES;
				GCC_WARN_ABOUT_RETURN_TYPE = YES_ERROR;
				GCC_WARN_UNDECLARED_SELECTOR = YES;
				GCC_WARN_UNINITIALIZED_AUTOS = YES_AGGRESSIVE;
				GCC_WARN_UNUSED_FUNCTION = YES;
				GCC_WARN_UNUSED_VARIABLE = YES;
				IPHONEOS_DEPLOYMENT_TARGET = 12.2;
				MTL_ENABLE_DEBUG_INFO = NO;
				MTL_FAST_MATH = YES;
				SDKROOT = iphoneos;
				SWIFT_COMPILATION_MODE = wholemodule;
				SWIFT_OPTIMIZATION_LEVEL = "-O";
				VALIDATE_PRODUCT = YES;
			};
			name = Release;
		};
		D201103E22E3747500BDF3D3 /* Debug */ = {
			isa = XCBuildConfiguration;
			baseConfigurationReference = 151552BD18FB93980B3C19B5 /* Pods-Agreements.debug.xcconfig */;
			buildSettings = {
				ASSETCATALOG_COMPILER_APPICON_NAME = AppIcon;
				CODE_SIGN_STYLE = Automatic;
				DEVELOPMENT_TEAM = 27PXF664W3;
				INFOPLIST_FILE = Agreements/Resources/Info.plist;
				LD_RUNPATH_SEARCH_PATHS = (
					"$(inherited)",
					"@executable_path/Frameworks",
				);
				PRODUCT_BUNDLE_IDENTIFIER = studio.rochev.ios.Agreements;
				PRODUCT_NAME = "$(TARGET_NAME)";
				SWIFT_VERSION = 5.0;
				TARGETED_DEVICE_FAMILY = "1,2";
			};
			name = Debug;
		};
		D201103F22E3747500BDF3D3 /* Release */ = {
			isa = XCBuildConfiguration;
			baseConfigurationReference = C52EDB4D201E17D06EDA75E5 /* Pods-Agreements.release.xcconfig */;
			buildSettings = {
				ASSETCATALOG_COMPILER_APPICON_NAME = AppIcon;
				CODE_SIGN_STYLE = Automatic;
				DEVELOPMENT_TEAM = 27PXF664W3;
				INFOPLIST_FILE = Agreements/Resources/Info.plist;
				LD_RUNPATH_SEARCH_PATHS = (
					"$(inherited)",
					"@executable_path/Frameworks",
				);
				PRODUCT_BUNDLE_IDENTIFIER = studio.rochev.ios.Agreements;
				PRODUCT_NAME = "$(TARGET_NAME)";
				SWIFT_VERSION = 5.0;
				TARGETED_DEVICE_FAMILY = "1,2";
			};
			name = Release;
		};
/* End XCBuildConfiguration section */

/* Begin XCConfigurationList section */
		D201102622E3747200BDF3D3 /* Build configuration list for PBXProject "Agreements" */ = {
			isa = XCConfigurationList;
			buildConfigurations = (
				D201103B22E3747500BDF3D3 /* Debug */,
				D201103C22E3747500BDF3D3 /* Release */,
			);
			defaultConfigurationIsVisible = 0;
			defaultConfigurationName = Release;
		};
		D201103D22E3747500BDF3D3 /* Build configuration list for PBXNativeTarget "Agreements" */ = {
			isa = XCConfigurationList;
			buildConfigurations = (
				D201103E22E3747500BDF3D3 /* Debug */,
				D201103F22E3747500BDF3D3 /* Release */,
			);
			defaultConfigurationIsVisible = 0;
			defaultConfigurationName = Release;
		};
/* End XCConfigurationList section */
	};
	rootObject = D201102322E3747200BDF3D3 /* Project object */;
}
